
Microsoft Visual Studio Solution File, Format Version 12.00
# Visual Studio Version 16
VisualStudioVersion = 16.0.28729.10
MinimumVisualStudioVersion = 10.0.40219.1
Project("{9A19103F-16F7-4668-BE54-9A1E7A4F7556}") = "Pokemon3genRNGLibrary", "Pokemon3genRNGLirary\Pokemon3genRNGLibrary.csproj", "{C74B84D8-4B58-46A5-B38E-BA31ED5EA747}"
EndProject
Project("{9A19103F-16F7-4668-BE54-9A1E7A4F7556}") = "UnitTest", "UnitTest\UnitTest.csproj", "{B644F627-7A12-4ACB-85B5-EE697C1E8CC0}"
EndProject
Project("{9A19103F-16F7-4668-BE54-9A1E7A4F7556}") = "Console", "Console\Console.csproj", "{D03F8A04-DFA2-4DD3-87E3-77EC5762398F}"
EndProject
Project("{FAE04EC0-301F-11D3-BF4B-00C04F79EFBC}") = "Pokemon3genRNGLibrary.Frontier", "Pokemon3genRNGLibrary.Frontier\Pokemon3genRNGLibrary.Frontier.csproj", "{A5674E78-E213-4A1B-8300-9EE6B2333D58}"
EndProject
Global
	GlobalSection(SolutionConfigurationPlatforms) = preSolution
		Debug|Any CPU = Debug|Any CPU
		Release|Any CPU = Release|Any CPU
	EndGlobalSection
	GlobalSection(ProjectConfigurationPlatforms) = postSolution
		{C74B84D8-4B58-46A5-B38E-BA31ED5EA747}.Debug|Any CPU.ActiveCfg = Debug|Any CPU
		{C74B84D8-4B58-46A5-B38E-BA31ED5EA747}.Debug|Any CPU.Build.0 = Debug|Any CPU
		{C74B84D8-4B58-46A5-B38E-BA31ED5EA747}.Release|Any CPU.ActiveCfg = Release|Any CPU
		{C74B84D8-4B58-46A5-B38E-BA31ED5EA747}.Release|Any CPU.Build.0 = Release|Any CPU
		{B644F627-7A12-4ACB-85B5-EE697C1E8CC0}.Debug|Any CPU.ActiveCfg = Debug|Any CPU
		{B644F627-7A12-4ACB-85B5-EE697C1E8CC0}.Debug|Any CPU.Build.0 = Debug|Any CPU
		{B644F627-7A12-4ACB-85B5-EE697C1E8CC0}.Release|Any CPU.ActiveCfg = Release|Any CPU
		{B644F627-7A12-4ACB-85B5-EE697C1E8CC0}.Release|Any CPU.Build.0 = Release|Any CPU
		{D03F8A04-DFA2-4DD3-87E3-77EC5762398F}.Debug|Any CPU.ActiveCfg = Debug|Any CPU
		{D03F8A04-DFA2-4DD3-87E3-77EC5762398F}.Debug|Any CPU.Build.0 = Debug|Any CPU
		{D03F8A04-DFA2-4DD3-87E3-77EC5762398F}.Release|Any CPU.ActiveCfg = Release|Any CPU
		{D03F8A04-DFA2-4DD3-87E3-77EC5762398F}.Release|Any CPU.Build.0 = Release|Any CPU
		{A5674E78-E213-4A1B-8300-9EE6B2333D58}.Debug|Any CPU.ActiveCfg = Debug|Any CPU
		{A5674E78-E213-4A1B-8300-9EE6B2333D58}.Debug|Any CPU.Build.0 = Debug|Any CPU
		{A5674E78-E213-4A1B-8300-9EE6B2333D58}.Release|Any CPU.ActiveCfg = Release|Any CPU
		{A5674E78-E213-4A1B-8300-9EE6B2333D58}.Release|Any CPU.Build.0 = Release|Any CPU
	EndGlobalSection
	GlobalSection(SolutionProperties) = preSolution
		HideSolutionNode = FALSE
	EndGlobalSection
	GlobalSection(ExtensibilityGlobals) = postSolution
		SolutionGuid = {ADDE65D4-56FF-4EF7-81CE-EC45034195BB}
	EndGlobalSection
EndGlobal
